Microsoft Visual Studio Solution File, Format Version 12.00
# Visual Studio Version 17
VisualStudioVersion = 17.5.2.0
MinimumVisualStudioVersion = 10.0.40219.1
Project("{2150E333-8FDC-42A3-9474-1A3956D46DE8}") = "WikiWorlds", "WikiWorlds", "{5AE55636-6A98-9EA6-CE69-DBFF65979B08}"
EndProject
Project("{FAE04EC0-301F-11D3-BF4B-00C04F79EFBC}") = "WikiWorldsApi", "WikiWorlds\WikiWorldsApi\WikiWorldsApi.csproj", "{B43E4EEF-AFB2-7553-0323-CE9BD98DD518}"
EndProject
Global
	GlobalSection(SolutionConfigurationPlatforms) = preSolution
		Debug|Any CPU = Debug|Any CPU
		Release|Any CPU = Release|Any CPU
	EndGlobalSection
	GlobalSection(ProjectConfigurationPlatforms) = postSolution
		{B43E4EEF-AFB2-7553-0323-CE9BD98DD518}.Debug|Any CPU.ActiveCfg = Debug|Any CPU
		{B43E4EEF-AFB2-7553-0323-CE9BD98DD518}.Debug|Any CPU.Build.0 = Debug|Any CPU
		{B43E4EEF-AFB2-7553-0323-CE9BD98DD518}.Release|Any CPU.ActiveCfg = Release|Any CPU
		{B43E4EEF-AFB2-7553-0323-CE9BD98DD518}.Release|Any CPU.Build.0 = Release|Any CPU
	EndGlobalSection
	GlobalSection(SolutionProperties) = preSolution
		HideSolutionNode = FALSE
	EndGlobalSection
	GlobalSection(NestedProjects) = preSolution
		{B43E4EEF-AFB2-7553-0323-CE9BD98DD518} = {5AE55636-6A98-9EA6-CE69-DBFF65979B08}
	EndGlobalSection
	GlobalSection(ExtensibilityGlobals) = postSolution
		SolutionGuid = {F33383AC-F886-4896-9CF5-856EC80E04F6}
	EndGlobalSection
EndGlobal
